{
  "name": "DropFactor",
  "lockfileVersion": 3,
  "requires": true,
  "packages": {
    "": {
      "dependencies": {
        "littlejsengine": "^1.9.9"
      }
    },
    "node_modules/littlejsengine": {
      "version": "1.9.9",
      "resolved": "https://registry.npmjs.org/littlejsengine/-/littlejsengine-1.9.9.tgz",
      "integrity": "sha512-egpfBmAwOCu8GxwRIKFhgXcCldc9CCUvHskyjgTJTCAPpKE+33/iRejgV+wcXGfpWNYRP3tjTOLZ712gNb5GCA=="
    }
  }
}
